
Microsoft Visual Studio Solution File, Format Version 12.00
# Visual Studio 15
VisualStudioVersion = 15.0.28010.2048
MinimumVisualStudioVersion = 10.0.40219.1
Project("{FAE04EC0-301F-11D3-BF4B-00C04F79EFBC}") = "SkiaSharpGL_demo.Android", "SkiaSharpGL_demo\SkiaSharpGL_demo.Android\SkiaSharpGL_demo.Android.csproj", "{89F62AFD-7B8F-42E6-913E-D0588F087488}"
EndProject
Project("{FAE04EC0-301F-11D3-BF4B-00C04F79EFBC}") = "SkiaSharpGL_demo.iOS", "SkiaSharpGL_demo\SkiaSharpGL_demo.iOS\SkiaSharpGL_demo.iOS.csproj", "{AAA7CF35-C034-4E4D-988A-4B4D0ABDFD29}"
EndProject
Project("{FAE04EC0-301F-11D3-BF4B-00C04F79EFBC}") = "SkiaSharpGL_demo.UWP", "SkiaSharpGL_demo\SkiaSharpGL_demo.UWP\SkiaSharpGL_demo.UWP.csproj", "{E1685E06-8A54-4312-BDC9-86C97386122B}"
EndProject
Project("{FAE04EC0-301F-11D3-BF4B-00C04F79EFBC}") = "SkiaSharpGL_demo", "SkiaSharpGL_demo\SkiaSharpGL_demo\SkiaSharpGL_demo.csproj", "{45B02A7F-399B-4915-B801-0CC680C72138}"
EndProject
Global
	GlobalSection(SolutionConfigurationPlatforms) = preSolution
		Ad-Hoc|Any CPU = Ad-Hoc|Any CPU
		Ad-Hoc|ARM = Ad-Hoc|ARM
		Ad-Hoc|iPhone = Ad-Hoc|iPhone
		Ad-Hoc|iPhoneSimulator = Ad-Hoc|iPhoneSimulator
		Ad-Hoc|x64 = Ad-Hoc|x64
		Ad-Hoc|x86 = Ad-Hoc|x86
		AppStore|Any CPU = AppStore|Any CPU
		AppStore|ARM = AppStore|ARM
		AppStore|iPhone = AppStore|iPhone
		AppStore|iPhoneSimulator = AppStore|iPhoneSimulator
		AppStore|x64 = AppStore|x64
		AppStore|x86 = AppStore|x86
		Debug|Any CPU = Debug|Any CPU
		Debug|ARM = Debug|ARM
		Debug|iPhone = Debug|iPhone
		Debug|iPhoneSimulator = Debug|iPhoneSimulator
		Debug|x64 = Debug|x64
		Debug|x86 = Debug|x86
		Release|Any CPU = Release|Any CPU
		Release|ARM = Release|ARM
		Release|iPhone = Release|iPhone
		Release|iPhoneSimulator = Release|iPhoneSimulator
		Release|x64 = Release|x64
		Release|x86 = Release|x86
	EndGlobalSection
	GlobalSection(ProjectConfigurationPlatforms) = postSolution
		{89F62AFD-7B8F-42E6-913E-D0588F087488}.Ad-Hoc|Any CPU.ActiveCfg = Release|Any CPU
		{89F62AFD-7B8F-42E6-913E-D0588F087488}.Ad-Hoc|Any CPU.Build.0 = Release|Any CPU
		{89F62AFD-7B8F-42E6-913E-D0588F087488}.Ad-Hoc|Any CPU.Deploy.0 = Release|Any CPU
		{89F62AFD-7B8F-42E6-913E-D0588F087488}.Ad-Hoc|ARM.ActiveCfg = Release|Any CPU
		{89F62AFD-7B8F-42E6-913E-D0588F087488}.Ad-Hoc|ARM.Build.0 = Release|Any CPU
		{89F62AFD-7B8F-42E6-913E-D0588F087488}.Ad-Hoc|ARM.Deploy.0 = Release|Any CPU
		{89F62AFD-7B8F-42E6-913E-D0588F087488}.Ad-Hoc|iPhone.ActiveCfg = Release|Any CPU
		{89F62AFD-7B8F-42E6-913E-D0588F087488}.Ad-Hoc|iPhone.Build.0 = Release|Any CPU
		{89F62AFD-7B8F-42E6-913E-D0588F087488}.Ad-Hoc|iPhone.Deploy.0 = Release|Any CPU
		{89F62AFD-7B8F-42E6-913E-D0588F087488}.Ad-Hoc|iPhoneSimulator.ActiveCfg = Release|Any CPU
		{89F62AFD-7B8F-42E6-913E-D0588F087488}.Ad-Hoc|iPhoneSimulator.Build.0 = Release|Any CPU
		{89F62AFD-7B8F-42E6-913E-D0588F087488}.Ad-Hoc|iPhoneSimulator.Deploy.0 = Release|Any CPU
		{89F62AFD-7B8F-42E6-913E-D0588F087488}.Ad-Hoc|x64.ActiveCfg = Release|Any CPU
		{89F62AFD-7B8F-42E6-913E-D0588F087488}.Ad-Hoc|x64.Build.0 = Release|Any CPU
		{89F62AFD-7B8F-42E6-913E-D0588F087488}.Ad-Hoc|x64.Deploy.0 = Release|Any CPU
		{89F62AFD-7B8F-42E6-913E-D0588F087488}.Ad-Hoc|x86.ActiveCfg = Release|Any CPU
		{89F62AFD-7B8F-42E6-913E-D0588F087488}.Ad-Hoc|x86.Build.0 = Release|Any CPU
		{89F62AFD-7B8F-42E6-913E-D0588F087488}.Ad-Hoc|x86.Deploy.0 = Release|Any CPU
		{89F62AFD-7B8F-42E6-913E-D0588F087488}.AppStore|Any CPU.ActiveCfg = Release|Any CPU
		{89F62AFD-7B8F-42E6-913E-D0588F087488}.AppStore|Any CPU.Build.0 = Release|Any CPU
		{89F62AFD-7B8F-42E6-913E-D0588F087488}.AppStore|Any CPU.Deploy.0 = Release|Any CPU
		{89F62AFD-7B8F-42E6-913E-D0588F087488}.AppStore|ARM.ActiveCfg = Release|Any CPU
		{89F62AFD-7B8F-42E6-913E-D0588F087488}.AppStore|ARM.Build.0 = Release|Any CPU
		{89F62AFD-7B8F-42E6-913E-D0588F087488}.AppStore|ARM.Deploy.0 = Release|Any CPU
		{89F62AFD-7B8F-42E6-913E-D0588F087488}.AppStore|iPhone.ActiveCfg = Release|Any CPU
		{89F62AFD-7B8F-42E6-913E-D0588F087488}.AppStore|iPhone.Build.0 = Release|Any CPU
		{89F62AFD-7B8F-42E6-913E-D0588F087488}.AppStore|iPhone.Deploy.0 = Release|Any CPU
		{89F62AFD-7B8F-42E6-913E-D0588F087488}.AppStore|iPhoneSimulator.ActiveCfg = Release|Any CPU
		{89F62AFD-7B8F-42E6-913E-D0588F087488}.AppStore|iPhoneSimulator.Build.0 = Release|Any CPU
		{89F62AFD-7B8F-42E6-913E-D0588F087488}.AppStore|iPhoneSimulator.Deploy.0 = Release|Any CPU
		{89F62AFD-7B8F-42E6-913E-D0588F087488}.AppStore|x64.ActiveCfg = Release|Any CPU
		{89F62AFD-7B8F-42E6-913E-D0588F087488}.AppStore|x64.Build.0 = Release|Any CPU
		{89F62AFD-7B8F-42E6-913E-D0588F087488}.AppStore|x64.Deploy.0 = Release|Any CPU
		{89F62AFD-7B8F-42E6-913E-D0588F087488}.AppStore|x86.ActiveCfg = Release|Any CPU
		{89F62AFD-7B8F-42E6-913E-D0588F087488}.AppStore|x86.Build.0 = Release|Any CPU
		{89F62AFD-7B8F-42E6-913E-D0588F087488}.AppStore|x86.Deploy.0 = Release|Any CPU
		{89F62AFD-7B8F-42E6-913E-D0588F087488}.Debug|Any CPU.ActiveCfg = Debug|Any CPU
		{89F62AFD-7B8F-42E6-913E-D0588F087488}.Debug|Any CPU.Build.0 = Debug|Any CPU
		{89F62AFD-7B8F-42E6-913E-D0588F087488}.Debug|Any CPU.Deploy.0 = Debug|Any CPU
		{89F62AFD-7B8F-42E6-913E-D0588F087488}.Debug|ARM.ActiveCfg = Debug|Any CPU
		{89F62AFD-7B8F-42E6-913E-D0588F087488}.Debug|ARM.Build.0 = Debug|Any CPU
		{89F62AFD-7B8F-42E6-913E-D0588F087488}.Debug|ARM.Deploy.0 = Debug|Any CPU
		{89F62AFD-7B8F-42E6-913E-D0588F087488}.Debug|iPhone.ActiveCfg = Debug|Any CPU
		{89F62AFD-7B8F-42E6-913E-D0588F087488}.Debug|iPhone.Build.0 = Debug|Any CPU
		{89F62AFD-7B8F-42E6-913E-D0588F087488}.Debug|iPhone.Deploy.0 = Debug|Any CPU
		{89F62AFD-7B8F-42E6-913E-D0588F087488}.Debug|iPhoneSimulator.ActiveCfg = Debug|Any CPU
		{89F62AFD-7B8F-42E6-913E-D0588F087488}.Debug|iPhoneSimulator.Build.0 = Debug|Any CPU
		{89F62AFD-7B8F-42E6-913E-D0588F087488}.Debug|iPhoneSimulator.Deploy.0 = Debug|Any CPU
		{89F62AFD-7B8F-42E6-913E-D0588F087488}.Debug|x64.ActiveCfg = Debug|Any CPU
		{89F62AFD-7B8F-42E6-913E-D0588F087488}.Debug|x64.Build.0 = Debug|Any CPU
		{89F62AFD-7B8F-42E6-913E-D0588F087488}.Debug|x64.Deploy.0 = Debug|Any CPU
		{89F62AFD-7B8F-42E6-913E-D0588F087488}.Debug|x86.ActiveCfg = Debug|Any CPU
		{89F62AFD-7B8F-42E6-913E-D0588F087488}.Debug|x86.Build.0 = Debug|Any CPU
		{89F62AFD-7B8F-42E6-913E-D0588F087488}.Debug|x86.Deploy.0 = Debug|Any CPU
		{89F62AFD-7B8F-42E6-913E-D0588F087488}.Release|Any CPU.ActiveCfg = Release|Any CPU
		{89F62AFD-7B8F-42E6-913E-D0588F087488}.Release|Any CPU.Build.0 = Release|Any CPU
		{89F62AFD-7B8F-42E6-913E-D0588F087488}.Release|Any CPU.Deploy.0 = Release|Any CPU
		{89F62AFD-7B8F-42E6-913E-D0588F087488}.Release|ARM.ActiveCfg = Release|Any CPU
		{89F62AFD-7B8F-42E6-913E-D0588F087488}.Release|ARM.Build.0 = Release|Any CPU
		{89F62AFD-7B8F-42E6-913E-D0588F087488}.Release|ARM.Deploy.0 = Release|Any CPU
		{89F62AFD-7B8F-42E6-913E-D0588F087488}.Release|iPhone.ActiveCfg = Release|Any CPU
		{89F62AFD-7B8F-42E6-913E-D0588F087488}.Release|iPhone.Build.0 = Release|Any CPU
		{89F62AFD-7B8F-42E6-913E-D0588F087488}.Release|iPhone.Deploy.0 = Release|Any CPU
		{89F62AFD-7B8F-42E6-913E-D0588F087488}.Release|iPhoneSimulator.ActiveCfg = Release|Any CPU
		{89F62AFD-7B8F-42E6-913E-D0588F087488}.Release|iPhoneSimulator.Build.0 = Release|Any CPU
		{89F62AFD-7B8F-42E6-913E-D0588F087488}.Release|iPhoneSimulator.Deploy.0 = Release|Any CPU
		{89F62AFD-7B8F-42E6-913E-D0588F087488}.Release|x64.ActiveCfg = Release|Any CPU
		{89F62AFD-7B8F-42E6-913E-D0588F087488}.Release|x64.Build.0 = Release|Any CPU
		{89F62AFD-7B8F-42E6-913E-D0588F087488}.Release|x64.Deploy.0 = Release|Any CPU
		{89F62AFD-7B8F-42E6-913E-D0588F087488}.Release|x86.ActiveCfg = Release|Any CPU
		{89F62AFD-7B8F-42E6-913E-D0588F087488}.Release|x86.Build.0 = Release|Any CPU
		{89F62AFD-7B8F-42E6-913E-D0588F087488}.Release|x86.Deploy.0 = Release|Any CPU
		{AAA7CF35-C034-4E4D-988A-4B4D0ABDFD29}.Ad-Hoc|Any CPU.ActiveCfg = Ad-Hoc|iPhone
		{AAA7CF35-C034-4E4D-988A-4B4D0ABDFD29}.Ad-Hoc|Any CPU.Build.0 = Ad-Hoc|iPhone
		{AAA7CF35-C034-4E4D-988A-4B4D0ABDFD29}.Ad-Hoc|Any CPU.Deploy.0 = Ad-Hoc|iPhone
		{AAA7CF35-C034-4E4D-988A-4B4D0ABDFD29}.Ad-Hoc|ARM.ActiveCfg = Ad-Hoc|iPhone
		{AAA7CF35-C034-4E4D-988A-4B4D0ABDFD29}.Ad-Hoc|ARM.Build.0 = Ad-Hoc|iPhone
		{AAA7CF35-C034-4E4D-988A-4B4D0ABDFD29}.Ad-Hoc|ARM.Deploy.0 = Ad-Hoc|iPhone
		{AAA7CF35-C034-4E4D-988A-4B4D0ABDFD29}.Ad-Hoc|iPhone.ActiveCfg = Ad-Hoc|iPhone
		{AAA7CF35-C034-4E4D-988A-4B4D0ABDFD29}.Ad-Hoc|iPhone.Build.0 = Ad-Hoc|iPhone
		{AAA7CF35-C034-4E4D-988A-4B4D0ABDFD29}.Ad-Hoc|iPhone.Deploy.0 = Ad-Hoc|iPhone
		{AAA7CF35-C034-4E4D-988A-4B4D0ABDFD29}.Ad-Hoc|iPhoneSimulator.ActiveCfg = Ad-Hoc|iPhoneSimulator
		{AAA7CF35-C034-4E4D-988A-4B4D0ABDFD29}.Ad-Hoc|iPhoneSimulator.Build.0 = Ad-Hoc|iPhoneSimulator
		{AAA7CF35-C034-4E4D-988A-4B4D0ABDFD29}.Ad-Hoc|iPhoneSimulator.Deploy.0 = Ad-Hoc|iPhoneSimulator
		{AAA7CF35-C034-4E4D-988A-4B4D0ABDFD29}.Ad-Hoc|x64.ActiveCfg = Ad-Hoc|iPhone
		{AAA7CF35-C034-4E4D-988A-4B4D0ABDFD29}.Ad-Hoc|x64.Build.0 = Ad-Hoc|iPhone
		{AAA7CF35-C034-4E4D-988A-4B4D0ABDFD29}.Ad-Hoc|x64.Deploy.0 = Ad-Hoc|iPhone
		{AAA7CF35-C034-4E4D-988A-4B4D0ABDFD29}.Ad-Hoc|x86.ActiveCfg = Ad-Hoc|iPhone
		{AAA7CF35-C034-4E4D-988A-4B4D0ABDFD29}.Ad-Hoc|x86.Build.0 = Ad-Hoc|iPhone
		{AAA7CF35-C034-4E4D-988A-4B4D0ABDFD29}.Ad-Hoc|x86.Deploy.0 = Ad-Hoc|iPhone
		{AAA7CF35-C034-4E4D-988A-4B4D0ABDFD29}.AppStore|Any CPU.ActiveCfg = AppStore|iPhone
		{AAA7CF35-C034-4E4D-988A-4B4D0ABDFD29}.AppStore|Any CPU.Build.0 = AppStore|iPhone
		{AAA7CF35-C034-4E4D-988A-4B4D0ABDFD29}.AppStore|Any CPU.Deploy.0 = AppStore|iPhone
		{AAA7CF35-C034-4E4D-988A-4B4D0ABDFD29}.AppStore|ARM.ActiveCfg = AppStore|iPhone
		{AAA7CF35-C034-4E4D-988A-4B4D0ABDFD29}.AppStore|ARM.Build.0 = AppStore|iPhone
		{AAA7CF35-C034-4E4D-988A-4B4D0ABDFD29}.AppStore|ARM.Deploy.0 = AppStore|iPhone
		{AAA7CF35-C034-4E4D-988A-4B4D0ABDFD29}.AppStore|iPhone.ActiveCfg = AppStore|iPhone
		{AAA7CF35-C034-4E4D-988A-4B4D0ABDFD29}.AppStore|iPhone.Build.0 = AppStore|iPhone
		{AAA7CF35-C034-4E4D-988A-4B4D0ABDFD29}.AppStore|iPhone.Deploy.0 = AppStore|iPhone
		{AAA7CF35-C034-4E4D-988A-4B4D0ABDFD29}.AppStore|iPhoneSimulator.ActiveCfg = AppStore|iPhoneSimulator
		{AAA7CF35-C034-4E4D-988A-4B4D0ABDFD29}.AppStore|iPhoneSimulator.Build.0 = AppStore|iPhoneSimulator
		{AAA7CF35-C034-4E4D-988A-4B4D0ABDFD29}.AppStore|iPhoneSimulator.Deploy.0 = AppStore|iPhoneSimulator
		{AAA7CF35-C034-4E4D-988A-4B4D0ABDFD29}.AppStore|x64.ActiveCfg = AppStore|iPhone
		{AAA7CF35-C034-4E4D-988A-4B4D0ABDFD29}.AppStore|x64.Build.0 = AppStore|iPhone
		{AAA7CF35-C034-4E4D-988A-4B4D0ABDFD29}.AppStore|x64.Deploy.0 = AppStore|iPhone
		{AAA7CF35-C034-4E4D-988A-4B4D0ABDFD29}.AppStore|x86.ActiveCfg = AppStore|iPhone
		{AAA7CF35-C034-4E4D-988A-4B4D0ABDFD29}.AppStore|x86.Build.0 = AppStore|iPhone
		{AAA7CF35-C034-4E4D-988A-4B4D0ABDFD29}.AppStore|x86.Deploy.0 = AppStore|iPhone
		{AAA7CF35-C034-4E4D-988A-4B4D0ABDFD29}.Debug|Any CPU.ActiveCfg = Debug|iPhoneSimulator
		{AAA7CF35-C034-4E4D-988A-4B4D0ABDFD29}.Debug|Any CPU.Build.0 = Debug|iPhoneSimulator
		{AAA7CF35-C034-4E4D-988A-4B4D0ABDFD29}.Debug|Any CPU.Deploy.0 = Debug|iPhoneSimulator
		{AAA7CF35-C034-4E4D-988A-4B4D0ABDFD29}.Debug|ARM.ActiveCfg = Debug|iPhone
		{AAA7CF35-C034-4E4D-988A-4B4D0ABDFD29}.Debug|ARM.Build.0 = Debug|iPhone
		{AAA7CF35-C034-4E4D-988A-4B4D0ABDFD29}.Debug|ARM.Deploy.0 = Debug|iPhone
		{AAA7CF35-C034-4E4D-988A-4B4D0ABDFD29}.Debug|iPhone.ActiveCfg = Debug|iPhone
		{AAA7CF35-C034-4E4D-988A-4B4D0ABDFD29}.Debug|iPhone.Build.0 = Debug|iPhone
		{AAA7CF35-C034-4E4D-988A-4B4D0ABDFD29}.Debug|iPhone.Deploy.0 = Debug|iPhone
		{AAA7CF35-C034-4E4D-988A-4B4D0ABDFD29}.Debug|iPhoneSimulator.ActiveCfg = Debug|iPhoneSimulator
		{AAA7CF35-C034-4E4D-988A-4B4D0ABDFD29}.Debug|iPhoneSimulator.Build.0 = Debug|iPhoneSimulator
		{AAA7CF35-C034-4E4D-988A-4B4D0ABDFD29}.Debug|iPhoneSimulator.Deploy.0 = Debug|iPhoneSimulator
		{AAA7CF35-C034-4E4D-988A-4B4D0ABDFD29}.Debug|x64.ActiveCfg = Debug|iPhone
		{AAA7CF35-C034-4E4D-988A-4B4D0ABDFD29}.Debug|x64.Build.0 = Debug|iPhone
		{AAA7CF35-C034-4E4D-988A-4B4D0ABDFD29}.Debug|x64.Deploy.0 = Debug|iPhone
		{AAA7CF35-C034-4E4D-988A-4B4D0ABDFD29}.Debug|x86.ActiveCfg = Debug|iPhone
		{AAA7CF35-C034-4E4D-988A-4B4D0ABDFD29}.Debug|x86.Build.0 = Debug|iPhone
		{AAA7CF35-C034-4E4D-988A-4B4D0ABDFD29}.Debug|x86.Deploy.0 = Debug|iPhone
		{AAA7CF35-C034-4E4D-988A-4B4D0ABDFD29}.Release|Any CPU.ActiveCfg = Release|iPhone
		{AAA7CF35-C034-4E4D-988A-4B4D0ABDFD29}.Release|Any CPU.Build.0 = Release|iPhone
		{AAA7CF35-C034-4E4D-988A-4B4D0ABDFD29}.Release|Any CPU.Deploy.0 = Release|iPhone
		{AAA7CF35-C034-4E4D-988A-4B4D0ABDFD29}.Release|ARM.ActiveCfg = Release|iPhone
		{AAA7CF35-C034-4E4D-988A-4B4D0ABDFD29}.Release|ARM.Build.0 = Release|iPhone
		{AAA7CF35-C034-4E4D-988A-4B4D0ABDFD29}.Release|ARM.Deploy.0 = Release|iPhone
		{AAA7CF35-C034-4E4D-988A-4B4D0ABDFD29}.Release|iPhone.ActiveCfg = Release|iPhone
		{AAA7CF35-C034-4E4D-988A-4B4D0ABDFD29}.Release|iPhone.Build.0 = Release|iPhone
		{AAA7CF35-C034-4E4D-988A-4B4D0ABDFD29}.Release|iPhone.Deploy.0 = Release|iPhone
		{AAA7CF35-C034-4E4D-988A-4B4D0ABDFD29}.Release|iPhoneSimulator.ActiveCfg = Release|iPhoneSimulator
		{AAA7CF35-C034-4E4D-988A-4B4D0ABDFD29}.Release|iPhoneSimulator.Build.0 = Release|iPhoneSimulator
		{AAA7CF35-C034-4E4D-988A-4B4D0ABDFD29}.Release|iPhoneSimulator.Deploy.0 = Release|iPhoneSimulator
		{AAA7CF35-C034-4E4D-988A-4B4D0ABDFD29}.Release|x64.ActiveCfg = Release|iPhone
		{AAA7CF35-C034-4E4D-988A-4B4D0ABDFD29}.Release|x64.Build.0 = Release|iPhone
		{AAA7CF35-C034-4E4D-988A-4B4D0ABDFD29}.Release|x64.Deploy.0 = Release|iPhone
		{AAA7CF35-C034-4E4D-988A-4B4D0ABDFD29}.Release|x86.ActiveCfg = Release|iPhone
		{AAA7CF35-C034-4E4D-988A-4B4D0ABDFD29}.Release|x86.Build.0 = Release|iPhone
		{AAA7CF35-C034-4E4D-988A-4B4D0ABDFD29}.Release|x86.Deploy.0 = Release|iPhone
		{E1685E06-8A54-4312-BDC9-86C97386122B}.Ad-Hoc|Any CPU.ActiveCfg = Release|x86
		{E1685E06-8A54-4312-BDC9-86C97386122B}.Ad-Hoc|Any CPU.Build.0 = Release|x86
		{E1685E06-8A54-4312-BDC9-86C97386122B}.Ad-Hoc|Any CPU.Deploy.0 = Release|x86
		{E1685E06-8A54-4312-BDC9-86C97386122B}.Ad-Hoc|ARM.ActiveCfg = Release|ARM
		{E1685E06-8A54-4312-BDC9-86C97386122B}.Ad-Hoc|ARM.Build.0 = Release|ARM
		{E1685E06-8A54-4312-BDC9-86C97386122B}.Ad-Hoc|ARM.Deploy.0 = Release|ARM
		{E1685E06-8A54-4312-BDC9-86C97386122B}.Ad-Hoc|iPhone.ActiveCfg = Release|x86
		{E1685E06-8A54-4312-BDC9-86C97386122B}.Ad-Hoc|iPhone.Build.0 = Release|x86
		{E1685E06-8A54-4312-BDC9-86C97386122B}.Ad-Hoc|iPhone.Deploy.0 = Release|x86
		{E1685E06-8A54-4312-BDC9-86C97386122B}.Ad-Hoc|iPhoneSimulator.ActiveCfg = Release|x86
		{E1685E06-8A54-4312-BDC9-86C97386122B}.Ad-Hoc|iPhoneSimulator.Build.0 = Release|x86
		{E1685E06-8A54-4312-BDC9-86C97386122B}.Ad-Hoc|iPhoneSimulator.Deploy.0 = Release|x86
		{E1685E06-8A54-4312-BDC9-86C97386122B}.Ad-Hoc|x64.ActiveCfg = Release|x64
		{E1685E06-8A54-4312-BDC9-86C97386122B}.Ad-Hoc|x64.Build.0 = Release|x64
		{E1685E06-8A54-4312-BDC9-86C97386122B}.Ad-Hoc|x64.Deploy.0 = Release|x64
		{E1685E06-8A54-4312-BDC9-86C97386122B}.Ad-Hoc|x86.ActiveCfg = Release|x86
		{E1685E06-8A54-4312-BDC9-86C97386122B}.Ad-Hoc|x86.Build.0 = Release|x86
		{E1685E06-8A54-4312-BDC9-86C97386122B}.Ad-Hoc|x86.Deploy.0 = Release|x86
		{E1685E06-8A54-4312-BDC9-86C97386122B}.AppStore|Any CPU.ActiveCfg = Release|x86
		{E1685E06-8A54-4312-BDC9-86C97386122B}.AppStore|Any CPU.Build.0 = Release|x86
		{E1685E06-8A54-4312-BDC9-86C97386122B}.AppStore|Any CPU.Deploy.0 = Release|x86
		{E1685E06-8A54-4312-BDC9-86C97386122B}.AppStore|ARM.ActiveCfg = Release|ARM
		{E1685E06-8A54-4312-BDC9-86C97386122B}.AppStore|ARM.Build.0 = Release|ARM
		{E1685E06-8A54-4312-BDC9-86C97386122B}.AppStore|ARM.Deploy.0 = Release|ARM
		{E1685E06-8A54-4312-BDC9-86C97386122B}.AppStore|iPhone.ActiveCfg = Release|x86
		{E1685E06-8A54-4312-BDC9-86C97386122B}.AppStore|iPhone.Build.0 = Release|x86
		{E1685E06-8A54-4312-BDC9-86C97386122B}.AppStore|iPhone.Deploy.0 = Release|x86
		{E1685E06-8A54-4312-BDC9-86C97386122B}.AppStore|iPhoneSimulator.ActiveCfg = Release|x86
		{E1685E06-8A54-4312-BDC9-86C97386122B}.AppStore|iPhoneSimulator.Build.0 = Release|x86
		{E1685E06-8A54-4312-BDC9-86C97386122B}.AppStore|iPhoneSimulator.Deploy.0 = Release|x86
		{E1685E06-8A54-4312-BDC9-86C97386122B}.AppStore|x64.ActiveCfg = Release|x64
		{E1685E06-8A54-4312-BDC9-86C97386122B}.AppStore|x64.Build.0 = Release|x64
		{E1685E06-8A54-4312-BDC9-86C97386122B}.AppStore|x64.Deploy.0 = Release|x64
		{E1685E06-8A54-4312-BDC9-86C97386122B}.AppStore|x86.ActiveCfg = Release|x86
		{E1685E06-8A54-4312-BDC9-86C97386122B}.AppStore|x86.Build.0 = Release|x86
		{E1685E06-8A54-4312-BDC9-86C97386122B}.AppStore|x86.Deploy.0 = Release|x86
		{E1685E06-8A54-4312-BDC9-86C97386122B}.Debug|Any CPU.ActiveCfg = Debug|x86
		{E1685E06-8A54-4312-BDC9-86C97386122B}.Debug|Any CPU.Build.0 = Debug|x86
		{E1685E06-8A54-4312-BDC9-86C97386122B}.Debug|Any CPU.Deploy.0 = Debug|x86
		{E1685E06-8A54-4312-BDC9-86C97386122B}.Debug|ARM.ActiveCfg = Debug|ARM
		{E1685E06-8A54-4312-BDC9-86C97386122B}.Debug|ARM.Build.0 = Debug|ARM
		{E1685E06-8A54-4312-BDC9-86C97386122B}.Debug|ARM.Deploy.0 = Debug|ARM
		{E1685E06-8A54-4312-BDC9-86C97386122B}.Debug|iPhone.ActiveCfg = Debug|x86
		{E1685E06-8A54-4312-BDC9-86C97386122B}.Debug|iPhone.Build.0 = Debug|x86
		{E1685E06-8A54-4312-BDC9-86C97386122B}.Debug|iPhone.Deploy.0 = Debug|x86
		{E1685E06-8A54-4312-BDC9-86C97386122B}.Debug|iPhoneSimulator.ActiveCfg = Debug|x86
		{E1685E06-8A54-4312-BDC9-86C97386122B}.Debug|iPhoneSimulator.Build.0 = Debug|x86
		{E1685E06-8A54-4312-BDC9-86C97386122B}.Debug|iPhoneSimulator.Deploy.0 = Debug|x86
		{E1685E06-8A54-4312-BDC9-86C97386122B}.Debug|x64.ActiveCfg = Debug|x64
		{E1685E06-8A54-4312-BDC9-86C97386122B}.Debug|x64.Build.0 = Debug|x64
		{E1685E06-8A54-4312-BDC9-86C97386122B}.Debug|x64.Deploy.0 = Debug|x64
		{E1685E06-8A54-4312-BDC9-86C97386122B}.Debug|x86.ActiveCfg = Debug|x86
		{E1685E06-8A54-4312-BDC9-86C97386122B}.Debug|x86.Build.0 = Debug|x86
		{E1685E06-8A54-4312-BDC9-86C97386122B}.Debug|x86.Deploy.0 = Debug|x86
		{E1685E06-8A54-4312-BDC9-86C97386122B}.Release|Any CPU.ActiveCfg = Release|x86
		{E1685E06-8A54-4312-BDC9-86C97386122B}.Release|Any CPU.Build.0 = Release|x86
		{E1685E06-8A54-4312-BDC9-86C97386122B}.Release|Any CPU.Deploy.0 = Release|x86
		{E1685E06-8A54-4312-BDC9-86C97386122B}.Release|ARM.ActiveCfg = Release|ARM
		{E1685E06-8A54-4312-BDC9-86C97386122B}.Release|ARM.Build.0 = Release|ARM
		{E1685E06-8A54-4312-BDC9-86C97386122B}.Release|ARM.Deploy.0 = Release|ARM
		{E1685E06-8A54-4312-BDC9-86C97386122B}.Release|iPhone.ActiveCfg = Release|x86
		{E1685E06-8A54-4312-BDC9-86C97386122B}.Release|iPhone.Build.0 = Release|x86
		{E1685E06-8A54-4312-BDC9-86C97386122B}.Release|iPhone.Deploy.0 = Release|x86
		{E1685E06-8A54-4312-BDC9-86C97386122B}.Release|iPhoneSimulator.ActiveCfg = Release|x86
		{E1685E06-8A54-4312-BDC9-86C97386122B}.Release|iPhoneSimulator.Build.0 = Release|x86
		{E1685E06-8A54-4312-BDC9-86C97386122B}.Release|iPhoneSimulator.Deploy.0 = Release|x86
		{E1685E06-8A54-4312-BDC9-86C97386122B}.Release|x64.ActiveCfg = Release|x64
		{E1685E06-8A54-4312-BDC9-86C97386122B}.Release|x64.Build.0 = Release|x64
		{E1685E06-8A54-4312-BDC9-86C97386122B}.Release|x64.Deploy.0 = Release|x64
		{E1685E06-8A54-4312-BDC9-86C97386122B}.Release|x86.ActiveCfg = Release|x86
		{E1685E06-8A54-4312-BDC9-86C97386122B}.Release|x86.Build.0 = Release|x86
		{E1685E06-8A54-4312-BDC9-86C97386122B}.Release|x86.Deploy.0 = Release|x86
		{45B02A7F-399B-4915-B801-0CC680C72138}.Ad-Hoc|Any CPU.ActiveCfg = Debug|Any CPU
		{45B02A7F-399B-4915-B801-0CC680C72138}.Ad-Hoc|Any CPU.Build.0 = Debug|Any CPU
		{45B02A7F-399B-4915-B801-0CC680C72138}.Ad-Hoc|Any CPU.Deploy.0 = Debug|Any CPU
		{45B02A7F-399B-4915-B801-0CC680C72138}.Ad-Hoc|ARM.ActiveCfg = Debug|Any CPU
		{45B02A7F-399B-4915-B801-0CC680C72138}.Ad-Hoc|ARM.Build.0 = Debug|Any CPU
		{45B02A7F-399B-4915-B801-0CC680C72138}.Ad-Hoc|ARM.Deploy.0 = Debug|Any CPU
		{45B02A7F-399B-4915-B801-0CC680C72138}.Ad-Hoc|iPhone.ActiveCfg = Debug|Any CPU
		{45B02A7F-399B-4915-B801-0CC680C72138}.Ad-Hoc|iPhone.Build.0 = Debug|Any CPU
		{45B02A7F-399B-4915-B801-0CC680C72138}.Ad-Hoc|iPhone.Deploy.0 = Debug|Any CPU
		{45B02A7F-399B-4915-B801-0CC680C72138}.Ad-Hoc|iPhoneSimulator.ActiveCfg = Debug|Any CPU
		{45B02A7F-399B-4915-B801-0CC680C72138}.Ad-Hoc|iPhoneSimulator.Build.0 = Debug|Any CPU
		{45B02A7F-399B-4915-B801-0CC680C72138}.Ad-Hoc|iPhoneSimulator.Deploy.0 = Debug|Any CPU
		{45B02A7F-399B-4915-B801-0CC680C72138}.Ad-Hoc|x64.ActiveCfg = Debug|Any CPU
		{45B02A7F-399B-4915-B801-0CC680C72138}.Ad-Hoc|x64.Build.0 = Debug|Any CPU
		{45B02A7F-399B-4915-B801-0CC680C72138}.Ad-Hoc|x64.Deploy.0 = Debug|Any CPU
		{45B02A7F-399B-4915-B801-0CC680C72138}.Ad-Hoc|x86.ActiveCfg = Debug|Any CPU
		{45B02A7F-399B-4915-B801-0CC680C72138}.Ad-Hoc|x86.Build.0 = Debug|Any CPU
		{45B02A7F-399B-4915-B801-0CC680C72138}.Ad-Hoc|x86.Deploy.0 = Debug|Any CPU
		{45B02A7F-399B-4915-B801-0CC680C72138}.AppStore|Any CPU.ActiveCfg = Debug|Any CPU
		{45B02A7F-399B-4915-B801-0CC680C72138}.AppStore|Any CPU.Build.0 = Debug|Any CPU
		{45B02A7F-399B-4915-B801-0CC680C72138}.AppStore|Any CPU.Deploy.0 = Debug|Any CPU
		{45B02A7F-399B-4915-B801-0CC680C72138}.AppStore|ARM.ActiveCfg = Debug|Any CPU
		{45B02A7F-399B-4915-B801-0CC680C72138}.AppStore|ARM.Build.0 = Debug|Any CPU
		{45B02A7F-399B-4915-B801-0CC680C72138}.AppStore|ARM.Deploy.0 = Debug|Any CPU
		{45B02A7F-399B-4915-B801-0CC680C72138}.AppStore|iPhone.ActiveCfg = Debug|Any CPU
		{45B02A7F-399B-4915-B801-0CC680C72138}.AppStore|iPhone.Build.0 = Debug|Any CPU
		{45B02A7F-399B-4915-B801-0CC680C72138}.AppStore|iPhone.Deploy.0 = Debug|Any CPU
		{45B02A7F-399B-4915-B801-0CC680C72138}.AppStore|iPhoneSimulator.ActiveCfg = Debug|Any CPU
		{45B02A7F-399B-4915-B801-0CC680C72138}.AppStore|iPhoneSimulator.Build.0 = Debug|Any CPU
		{45B02A7F-399B-4915-B801-0CC680C72138}.AppStore|iPhoneSimulator.Deploy.0 = Debug|Any CPU
		{45B02A7F-399B-4915-B801-0CC680C72138}.AppStore|x64.ActiveCfg = Debug|Any CPU
		{45B02A7F-399B-4915-B801-0CC680C72138}.AppStore|x64.Build.0 = Debug|Any CPU
		{45B02A7F-399B-4915-B801-0CC680C72138}.AppStore|x64.Deploy.0 = Debug|Any CPU
		{45B02A7F-399B-4915-B801-0CC680C72138}.AppStore|x86.ActiveCfg = Debug|Any CPU
		{45B02A7F-399B-4915-B801-0CC680C72138}.AppStore|x86.Build.0 = Debug|Any CPU
		{45B02A7F-399B-4915-B801-0CC680C72138}.AppStore|x86.Deploy.0 = Debug|Any CPU
		{45B02A7F-399B-4915-B801-0CC680C72138}.Debug|Any CPU.ActiveCfg = Debug|Any CPU
		{45B02A7F-399B-4915-B801-0CC680C72138}.Debug|Any CPU.Build.0 = Debug|Any CPU
		{45B02A7F-399B-4915-B801-0CC680C72138}.Debug|Any CPU.Deploy.0 = Debug|Any CPU
		{45B02A7F-399B-4915-B801-0CC680C72138}.Debug|ARM.ActiveCfg = Debug|Any CPU
		{45B02A7F-399B-4915-B801-0CC680C72138}.Debug|ARM.Build.0 = Debug|Any CPU
		{45B02A7F-399B-4915-B801-0CC680C72138}.Debug|ARM.Deploy.0 = Debug|Any CPU
		{45B02A7F-399B-4915-B801-0CC680C72138}.Debug|iPhone.ActiveCfg = Debug|Any CPU
		{45B02A7F-399B-4915-B801-0CC680C72138}.Debug|iPhone.Build.0 = Debug|Any CPU
		{45B02A7F-399B-4915-B801-0CC680C72138}.Debug|iPhone.Deploy.0 = Debug|Any CPU
		{45B02A7F-399B-4915-B801-0CC680C72138}.Debug|iPhoneSimulator.ActiveCfg = Debug|Any CPU
		{45B02A7F-399B-4915-B801-0CC680C72138}.Debug|iPhoneSimulator.Build.0 = Debug|Any CPU
		{45B02A7F-399B-4915-B801-0CC680C72138}.Debug|iPhoneSimulator.Deploy.0 = Debug|Any CPU
		{45B02A7F-399B-4915-B801-0CC680C72138}.Debug|x64.ActiveCfg = Debug|Any CPU
		{45B02A7F-399B-4915-B801-0CC680C72138}.Debug|x64.Build.0 = Debug|Any CPU
		{45B02A7F-399B-4915-B801-0CC680C72138}.Debug|x64.Deploy.0 = Debug|Any CPU
		{45B02A7F-399B-4915-B801-0CC680C72138}.Debug|x86.ActiveCfg = Debug|Any CPU
		{45B02A7F-399B-4915-B801-0CC680C72138}.Debug|x86.Build.0 = Debug|Any CPU
		{45B02A7F-399B-4915-B801-0CC680C72138}.Debug|x86.Deploy.0 = Debug|Any CPU
		{45B02A7F-399B-4915-B801-0CC680C72138}.Release|Any CPU.ActiveCfg = Release|Any CPU
		{45B02A7F-399B-4915-B801-0CC680C72138}.Release|Any CPU.Build.0 = Release|Any CPU
		{45B02A7F-399B-4915-B801-0CC680C72138}.Release|Any CPU.Deploy.0 = Release|Any CPU
		{45B02A7F-399B-4915-B801-0CC680C72138}.Release|ARM.ActiveCfg = Release|Any CPU
		{45B02A7F-399B-4915-B801-0CC680C72138}.Release|ARM.Build.0 = Release|Any CPU
		{45B02A7F-399B-4915-B801-0CC680C72138}.Release|ARM.Deploy.0 = Release|Any CPU
		{45B02A7F-399B-4915-B801-0CC680C72138}.Release|iPhone.ActiveCfg = Release|Any CPU
		{45B02A7F-399B-4915-B801-0CC680C72138}.Release|iPhone.Build.0 = Release|Any CPU
		{45B02A7F-399B-4915-B801-0CC680C72138}.Release|iPhone.Deploy.0 = Release|Any CPU
		{45B02A7F-399B-4915-B801-0CC680C72138}.Release|iPhoneSimulator.ActiveCfg = Release|Any CPU
		{45B02A7F-399B-4915-B801-0CC680C72138}.Release|iPhoneSimulator.Build.0 = Release|Any CPU
		{45B02A7F-399B-4915-B801-0CC680C72138}.Release|iPhoneSimulator.Deploy.0 = Release|Any CPU
		{45B02A7F-399B-4915-B801-0CC680C72138}.Release|x64.ActiveCfg = Release|Any CPU
		{45B02A7F-399B-4915-B801-0CC680C72138}.Release|x64.Build.0 = Release|Any CPU
		{45B02A7F-399B-4915-B801-0CC680C72138}.Release|x64.Deploy.0 = Release|Any CPU
		{45B02A7F-399B-4915-B801-0CC680C72138}.Release|x86.ActiveCfg = Release|Any CPU
		{45B02A7F-399B-4915-B801-0CC680C72138}.Release|x86.Build.0 = Release|Any CPU
		{45B02A7F-399B-4915-B801-0CC680C72138}.Release|x86.Deploy.0 = Release|Any CPU
	EndGlobalSection
	GlobalSection(SolutionProperties) = preSolution
		HideSolutionNode = FALSE
	EndGlobalSection
	GlobalSection(ExtensibilityGlobals) = postSolution
		SolutionGuid = {34EA32A8-7CF8-499D-8DB7-A2189738EA56}
	EndGlobalSection
EndGlobal
